// !$*UTF8*$!
{
	archiveVersion = 1;
	classes = {
	};
	objectVersion = 50;
	objects = {

/* Begin PBXBuildFile section */
		C6FA86E023AF23010006187B /* AppDelegate.swift in Sources */ = {isa = PBXBuildFile; fileRef = C6FA86DF23AF23010006187B /* AppDelegate.swift */; };
		C6FA86E223AF23010006187B /* SceneDelegate.swift in Sources */ = {isa = PBXBuildFile; fileRef = C6FA86E123AF23010006187B /* SceneDelegate.swift */; };
		C6FA86E423AF23010006187B /* ViewController.swift in Sources */ = {isa = PBXBuildFile; fileRef = C6FA86E323AF23010006187B /* ViewController.swift */; };
		C6FA86E723AF23010006187B /* Main.storyboard in Resources */ = {isa = PBXBuildFile; fileRef = C6FA86E523AF23010006187B /* Main.storyboard */; };
		C6FA86E923AF232D0006187B /* Assets.xcassets in Resources */ = {isa = PBXBuildFile; fileRef = C6FA86E823AF232D0006187B /* Assets.xcassets */; };
		C6FA86EC23AF232E0006187B /* LaunchScreen.storyboard in Resources */ = {isa = PBXBuildFile; fileRef = C6FA86EA23AF232E0006187B /* LaunchScreen.storyboard */; };
/* End PBXBuildFile section */

/* Begin PBXFileReference section */
		C6FA86DC23AF23010006187B /* Auto Layout Practice.app */ = {isa = PBXFileReference; explicitFileType = wrapper.application; includeInIndex = 0; path = "Auto Layout Practice.app"; sourceTree = BUILT_PRODUCTS_DIR; };
		C6FA86DF23AF23010006187B /* AppDelegate.swift */ = {isa = PBXFileReference; lastKnownFileType = sourcecode.swift; path = AppDelegate.swift; sourceTree = "<group>"; };
		C6FA86E123AF23010006187B /* SceneDelegate.swift */ = {isa = PBXFileReference; lastKnownFileType = sourcecode.swift; path = SceneDelegate.swift; sourceTree = "<group>"; };
		C6FA86E323AF23010006187B /* ViewController.swift */ = {isa = PBXFileReference; lastKnownFileType = sourcecode.swift; path = ViewController.swift; sourceTree = "<group>"; };
		C6FA86E623AF23010006187B /* Base */ = {isa = PBXFileReference; lastKnownFileType = file.storyboard; name = Base; path = Base.lproj/Main.storyboard; sourceTree = "<group>"; };
		C6FA86E823AF232D0006187B /* Assets.xcassets */ = {isa = PBXFileReference; lastKnownFileType = folder.assetcatalog; path = Assets.xcassets; sourceTree = "<group>"; };
		C6FA86EB23AF232E0006187B /* Base */ = {isa = PBXFileReference; lastKnownFileType = file.storyboard; name = Base; path = Base.lproj/LaunchScreen.storyboard; sourceTree = "<group>"; };
		C6FA86ED23AF232E0006187B /* Info.plist */ = {isa = PBXFileReference; lastKnownFileType = text.plist.xml; path = Info.plist; sourceTree = "<group>"; };
/* End PBXFileReference section */

/* Begin PBXFrameworksBuildPhase section */
		C6FA86D923AF23010006187B /* Frameworks */ = {
			isa = PBXFrameworksBuildPhase;
			buildActionMask = 2147483647;
			files = (
			);
			runOnlyForDeploymentPostprocessing = 0;
		};
/* End PBXFrameworksBuildPhase section */

/* Begin PBXGroup section */
		C6FA86D323AF23010006187B = {
			isa = PBXGroup;
			children = (
				C6FA86DE23AF23010006187B /* Auto Layout Practice */,
				C6FA86DD23AF23010006187B /* Products */,
			);
			sourceTree = "<group>";
		};
		C6FA86DD23AF23010006187B /* Products */ = {
			isa = PBXGroup;
			children = (
				C6FA86DC23AF23010006187B /* Auto Layout Practice.app */,
			);
			name = Products;
			sourceTree = "<group>";
		};
		C6FA86DE23AF23010006187B /* Auto Layout Practice */ = {
			isa = PBXGroup;
			children = (
				C6FA86DF23AF23010006187B /* AppDelegate.swift */,
				C6FA86E123AF23010006187B /* SceneDelegate.swift */,
				C6FA86E323AF23010006187B /* ViewController.swift */,
				C6FA86E523AF23010006187B /* Main.storyboard */,
				C6FA86E823AF232D0006187B /* Assets.xcassets */,
				C6FA86EA23AF232E0006187B /* LaunchScreen.storyboard */,
				C6FA86ED23AF232E0006187B /* Info.plist */,
			);
			path = "Auto Layout Practice";
			sourceTree = "<group>";
		};
/* End PBXGroup section */

/* Begin PBXNativeTarget section */
		C6FA86DB23AF23010006187B /* Auto Layout Practice */ = {
			isa = PBXNativeTarget;
			buildConfigurationList = C6FA86F023AF232E0006187B /* Build configuration list for PBXNativeTarget "Auto Layout Practice" */;
			buildPhases = (
				C6FA86D823AF23010006187B /* Sources */,
				C6FA86D923AF23010006187B /* Frameworks */,
				C6FA86DA23AF23010006187B /* Resources */,
			);
			buildRules = (
			);
			dependencies = (
			);
			name = "Auto Layout Practice";
			productName = "Auto Layout Practice";
			productReference = C6FA86DC23AF23010006187B /* Auto Layout Practice.app */;
			productType = "com.apple.product-type.application";
		};
/* End PBXNativeTarget section */

/* Begin PBXProject section */
		C6FA86D423AF23010006187B /* Project object */ = {
			isa = PBXProject;
			attributes = {
				LastSwiftUpdateCheck = 1110;
				LastUpgradeCheck = 1110;
				ORGANIZATIONNAME = "Yasin Shamrat";
				TargetAttributes = {
					C6FA86DB23AF23010006187B = {
						CreatedOnToolsVersion = 11.1;
					};
				};
			};
			buildConfigurationList = C6FA86D723AF23010006187B /* Build configuration list for PBXProject "Auto Layout Practice" */;
			compatibilityVersion = "Xcode 9.3";
			developmentRegion = en;
			hasScannedForEncodings = 0;
			knownRegions = (
				en,
				Base,
			);
			mainGroup = C6FA86D323AF23010006187B;
			productRefGroup = C6FA86DD23AF23010006187B /* Products */;
			projectDirPath = "";
			projectRoot = "";
			targets = (
				C6FA86DB23AF23010006187B /* Auto Layout Practice */,
			);
		};
/* End PBXProject section */

/* Begin PBXResourcesBuildPhase section */
		C6FA86DA23AF23010006187B /* Resources */ = {
			isa = PBXResourcesBuildPhase;
			buildActionMask = 2147483647;
			files = (
				C6FA86EC23AF232E0006187B /* LaunchScreen.storyboard in Resources */,
				C6FA86E923AF232D0006187B /* Assets.xcassets in Resources */,
				C6FA86E723AF23010006187B /* Main.storyboard in Resources */,
			);
			runOnlyForDeploymentPostprocessing = 0;
		};
/* End PBXResourcesBuildPhase section */

/* Begin PBXSourcesBuildPhase section */
		C6FA86D823AF23010006187B /* Sources */ = {
			isa = PBXSourcesBuildPhase;
			buildActionMask = 2147483647;
			files = (
				C6FA86E423AF23010006187B /* ViewController.swift in Sources */,
				C6FA86E023AF23010006187B /* AppDelegate.swift in Sources */,
				C6FA86E223AF23010006187B /* SceneDelegate.swift in Sources */,
			);
			runOnlyForDeploymentPostprocessing = 0;
		};
/* End PBXSourcesBuildPhase section */

/* Begin PBXVariantGroup section */
		C6FA86E523AF23010006187B /* Main.storyboard */ = {
			isa = PBXVariantGroup;
			children = (
				C6FA86E623AF23010006187B /* Base */,
			);
			name = Main.storyboard;
			sourceTree = "<group>";
		};
		C6FA86EA23AF232E0006187B /* LaunchScreen.storyboard */ = {
			isa = PBXVariantGroup;
			children = (
				C6FA86EB23AF232E0006187B /* Base */,
			);
			name = LaunchScreen.storyboard;
			sourceTree = "<group>";
		};
/* End PBXVariantGroup section */

/* Begin XCBuildConfiguration section */
		C6FA86EE23AF232E0006187B /* Debug */ = {
			isa = XCBuildConfiguration;
			buildSettings = {
				ALWAYS_SEARCH_USER_PATHS = NO;
				CLANG_ANALYZER_NONNULL = YES;
				CLANG_ANALYZER_NUMBER_OBJECT_CONVERSION = YES_AGGRESSIVE;
				CLANG_CXX_LANGUAGE_STANDARD = "gnu++14";
				CLANG_CXX_LIBRARY = "libc++";
				CLANG_ENABLE_MODULES = YES;
				CLANG_ENABLE_OBJC_ARC = YES;
				CLANG_ENABLE_OBJC_WEAK = YES;
				CLANG_WARN_BLOCK_CAPTURE_AUTORELEASING = YES;
				CLANG_WARN_BOOL_CONVERSION = YES;
				CLANG_WARN_COMMA = YES;
				CLANG_WARN_CONSTANT_CONVERSION = YES;
				CLANG_WARN_DEPRECATED_OBJC_IMPLEMENTATIONS = YES;
				CLANG_WARN_DIRECT_OBJC_ISA_USAGE = YES_ERROR;
				CLANG_WARN_DOCUMENTATION_COMMENTS = YES;
				CLANG_WARN_EMPTY_BODY = YES;
				CLANG_WARN_ENUM_CONVERSION = YES;
				CLANG_WARN_INFINITE_RECURSION = YES;
				CLANG_WARN_INT_CONVERSION = YES;
				CLANG_WARN_NON_LITERAL_NULL_CONVERSION = YES;
				CLANG_WARN_OBJC_IMPLICIT_RETAIN_SELF = YES;
				CLANG_WARN_OBJC_LITERAL_CONVERSION = YES;
				CLANG_WARN_OBJC_ROOT_CLASS = YES_ERROR;
				CLANG_WARN_RANGE_LOOP_ANALYSIS = YES;
				CLANG_WARN_STRICT_PROTOTYPES = YES;
				CLANG_WARN_SUSPICIOUS_MOVE = YES;
				CLANG_WARN_UNGUARDED_AVAILABILITY = YES_AGGRESSIVE;
				CLANG_WARN_UNREACHABLE_CODE = YES;
				CLANG_WARN__DUPLICATE_METHOD_MATCH = YES;
				COPY_PHASE_STRIP = NO;
				DEBUG_INFORMATION_FORMAT = dwarf;
				ENABLE_STRICT_OBJC_MSGSEND = YES;
				ENABLE_TESTABILITY = YES;
				GCC_C_LANGUAGE_STANDARD = gnu11;
				GCC_DYNAMIC_NO_PIC = NO;
				GCC_NO_COMMON_BLOCKS = YES;
				GCC_OPTIMIZATION_LEVEL = 0;
				GCC_PREPROCESSOR_DEFINITIONS = (
					"DEBUG=1",
					"$(inherited)",
				);
				GCC_WARN_64_TO_32_BIT_CONVERSION = YES;
				GCC_WARN_ABOUT_RETURN_TYPE = YES_ERROR;
				GCC_WARN_UNDECLARED_SELECTOR = YES;
				GCC_WARN_UNINITIALIZED_AUTOS = YES_AGGRESSIVE;
				GCC_WARN_UNUSED_FUNCTION = YES;
				GCC_WARN_UNUSED_VARIABLE = YES;
				IPHONEOS_DEPLOYMENT_TARGET = 13.1;
				MTL_ENABLE_DEBUG_INFO = INCLUDE_SOURCE;
				MTL_FAST_MATH = YES;
				ONLY_ACTIVE_ARCH = YES;
				SDKROOT = iphoneos;
				SWIFT_ACTIVE_COMPILATION_CONDITIONS = DEBUG;
				SWIFT_OPTIMIZATION_LEVEL = "-Onone";
			};
			name = Debug;
		};
		C6FA86EF23AF232E0006187B /* Release */ = {
			isa = XCBuildConfiguration;
			buildSettings = {
				ALWAYS_SEARCH_USER_PATHS = NO;
				CLANG_ANALYZER_NONNULL = YES;
				CLANG_ANALYZER_NUMBER_OBJECT_CONVERSION = YES_AGGRESSIVE;
				CLANG_CXX_LANGUAGE_STANDARD = "gnu++14";
				CLANG_CXX_LIBRARY = "libc++";
				CLANG_ENABLE_MODULES = YES;
				CLANG_ENABLE_OBJC_ARC = YES;
				CLANG_ENABLE_OBJC_WEAK = YES;
				CLANG_WARN_BLOCK_CAPTURE_AUTORELEASING = YES;
				CLANG_WARN_BOOL_CONVERSION = YES;
				CLANG_WARN_COMMA = YES;
				CLANG_WARN_CONSTANT_CONVERSION = YES;
				CLANG_WARN_DEPRECATED_OBJC_IMPLEMENTATIONS = YES;
				CLANG_WARN_DIRECT_OBJC_ISA_USAGE = YES_ERROR;
				CLANG_WARN_DOCUMENTATION_COMMENTS = YES;
				CLANG_WARN_EMPTY_BODY = YES;
				CLANG_WARN_ENUM_CONVERSION = YES;
				CLANG_WARN_INFINITE_RECURSION = YES;
				CLANG_WARN_INT_CONVERSION = YES;
				CLANG_WARN_NON_LITERAL_NULL_CONVERSION = YES;
				CLANG_WARN_OBJC_IMPLICIT_RETAIN_SELF = YES;
				CLANG_WARN_OBJC_LITERAL_CONVERSION = YES;
				CLANG_WARN_OBJC_ROOT_CLASS = YES_ERROR;
				CLANG_WARN_RANGE_LOOP_ANALYSIS = YES;
				CLANG_WARN_STRICT_PROTOTYPES = YES;
				CLANG_WARN_SUSPICIOUS_MOVE = YES;
				CLANG_WARN_UNGUARDED_AVAILABILITY = YES_AGGRESSIVE;
				CLANG_WARN_UNREACHABLE_CODE = YES;
				CLANG_WARN__DUPLICATE_METHOD_MATCH = YES;
				COPY_PHASE_STRIP = NO;
				DEBUG_INFORMATION_FORMAT = "dwarf-with-dsym";
				ENABLE_NS_ASSERTIONS = NO;
				ENABLE_STRICT_OBJC_MSGSEND = YES;
				GCC_C_LANGUAGE_STANDARD = gnu11;
				GCC_NO_COMMON_BLOCKS = YES;
				GCC_WARN_64_TO_32_BIT_CONVERSION = YES;
				GCC_WARN_ABOUT_RETURN_TYPE = YES_ERROR;
				GCC_WARN_UNDECLARED_SELECTOR = YES;
				GCC_WARN_UNINITIALIZED_AUTOS = YES_AGGRESSIVE;
				GCC_WARN_UNUSED_FUNCTION = YES;
				GCC_WARN_UNUSED_VARIABLE = YES;
				IPHONEOS_DEPLOYMENT_TARGET = 13.1;
				MTL_ENABLE_DEBUG_INFO = NO;
				MTL_FAST_MATH = YES;
				SDKROOT = iphoneos;
				SWIFT_COMPILATION_MODE = wholemodule;
				SWIFT_OPTIMIZATION_LEVEL = "-O";
				VALIDATE_PRODUCT = YES;
			};
			name = Release;
		};
		C6FA86F123AF232E0006187B /* Debug */ = {
			isa = XCBuildConfiguration;
			buildSettings = {
				ASSETCATALOG_COMPILER_APPICON_NAME = AppIcon;
				CODE_SIGN_STYLE = Automatic;
				INFOPLIST_FILE = "Auto Layout Practice/Info.plist";
				LD_RUNPATH_SEARCH_PATHS = (
					"$(inherited)",
					"@executable_path/Frameworks",
				);
				PRODUCT_BUNDLE_IDENTIFIER = "com.shamrat.Auto-Layout-Practice";
				PRODUCT_NAME = "$(TARGET_NAME)";
				SWIFT_VERSION = 5.0;
				TARGETED_DEVICE_FAMILY = "1,2";
			};
			name = Debug;
		};
		C6FA86F223AF232E0006187B /* Release */ = {
			isa = XCBuildConfiguration;
			buildSettings = {
				ASSETCATALOG_COMPILER_APPICON_NAME = AppIcon;
				CODE_SIGN_STYLE = Automatic;
				INFOPLIST_FILE = "Auto Layout Practice/Info.plist";
				LD_RUNPATH_SEARCH_PATHS = (
					"$(inherited)",
					"@executable_path/Frameworks",
				);
				PRODUCT_BUNDLE_IDENTIFIER = "com.shamrat.Auto-Layout-Practice";
				PRODUCT_NAME = "$(TARGET_NAME)";
				SWIFT_VERSION = 5.0;
				TARGETED_DEVICE_FAMILY = "1,2";
			};
			name = Release;
		};
/* End XCBuildConfiguration section */

/* Begin XCConfigurationList section */
		C6FA86D723AF23010006187B /* Build configuration list for PBXProject "Auto Layout Practice" */ = {
			isa = XCConfigurationList;
			buildConfigurations = (
				C6FA86EE23AF232E0006187B /* Debug */,
				C6FA86EF23AF232E0006187B /* Release */,
			);
			defaultConfigurationIsVisible = 0;
			defaultConfigurationName = Release;
		};
		C6FA86F023AF232E0006187B /* Build configuration list for PBXNativeTarget "Auto Layout Practice" */ = {
			isa = XCConfigurationList;
			buildConfigurations = (
				C6FA86F123AF232E0006187B /* Debug */,
				C6FA86F223AF232E0006187B /* Release */,
			);
			defaultConfigurationIsVisible = 0;
			defaultConfigurationName = Release;
		};
/* End XCConfigurationList section */
	};
	rootObject = C6FA86D423AF23010006187B /* Project object */;
}
